// !$*UTF8*$!
{
	archiveVersion = 1;
	classes = {
	};
	objectVersion = 56;
	objects = {

/* Begin PBXBuildFile section */
		8F4DE2B62B37E9FC00264108 /* AppDelegate.swift in Sources */ = {isa = PBXBuildFile; fileRef = 8F4DE2B52B37E9FC00264108 /* AppDelegate.swift */; };
		8F4DE2B82B37E9FC00264108 /* SceneDelegate.swift in Sources */ = {isa = PBXBuildFile; fileRef = 8F4DE2B72B37E9FC00264108 /* SceneDelegate.swift */; };
		8F4DE2BA2B37E9FC00264108 /* ViewController.swift in Sources */ = {isa = PBXBuildFile; fileRef = 8F4DE2B92B37E9FC00264108 /* ViewController.swift */; };
		8F4DE2BD2B37E9FC00264108 /* Main.storyboard in Resources */ = {isa = PBXBuildFile; fileRef = 8F4DE2BB2B37E9FC00264108 /* Main.storyboard */; };
		8F4DE2BF2B37E9FD00264108 /* Assets.xcassets in Resources */ = {isa = PBXBuildFile; fileRef = 8F4DE2BE2B37E9FD00264108 /* Assets.xcassets */; };
		8F4DE2C22B37E9FD00264108 /* LaunchScreen.storyboard in Resources */ = {isa = PBXBuildFile; fileRef = 8F4DE2C02B37E9FD00264108 /* LaunchScreen.storyboard */; };
		8F4DE2CD2B37E9FD00264108 /* FilmTableViewTests.swift in Sources */ = {isa = PBXBuildFile; fileRef = 8F4DE2CC2B37E9FD00264108 /* FilmTableViewTests.swift */; };
		8F4DE2D72B37E9FD00264108 /* FilmTableViewUITests.swift in Sources */ = {isa = PBXBuildFile; fileRef = 8F4DE2D62B37E9FD00264108 /* FilmTableViewUITests.swift */; };
		8F4DE2D92B37E9FD00264108 /* FilmTableViewUITestsLaunchTests.swift in Sources */ = {isa = PBXBuildFile; fileRef = 8F4DE2D82B37E9FD00264108 /* FilmTableViewUITestsLaunchTests.swift */; };
		8F4DE2E62B37EA3600264108 /* TableViewController.swift in Sources */ = {isa = PBXBuildFile; fileRef = 8F4DE2E52B37EA3600264108 /* TableViewController.swift */; };
		8F4DE2E82B3809FF00264108 /* Films.swift in Sources */ = {isa = PBXBuildFile; fileRef = 8F4DE2E72B3809FF00264108 /* Films.swift */; };
/* End PBXBuildFile section */

/* Begin PBXContainerItemProxy section */
		8F4DE2C92B37E9FD00264108 /* PBXContainerItemProxy */ = {
			isa = PBXContainerItemProxy;
			containerPortal = 8F4DE2AA2B37E9FC00264108 /* Project object */;
			proxyType = 1;
			remoteGlobalIDString = 8F4DE2B12B37E9FC00264108;
			remoteInfo = FilmTableView;
		};
		8F4DE2D32B37E9FD00264108 /* PBXContainerItemProxy */ = {
			isa = PBXContainerItemProxy;
			containerPortal = 8F4DE2AA2B37E9FC00264108 /* Project object */;
			proxyType = 1;
			remoteGlobalIDString = 8F4DE2B12B37E9FC00264108;
			remoteInfo = FilmTableView;
		};
/* End PBXContainerItemProxy section */

/* Begin PBXFileReference section */
		8F4DE2B22B37E9FC00264108 /* FilmTableView.app */ = {isa = PBXFileReference; explicitFileType = wrapper.application; includeInIndex = 0; path = FilmTableView.app; sourceTree = BUILT_PRODUCTS_DIR; };
		8F4DE2B52B37E9FC00264108 /* AppDelegate.swift */ = {isa = PBXFileReference; lastKnownFileType = sourcecode.swift; path = AppDelegate.swift; sourceTree = "<group>"; };
		8F4DE2B72B37E9FC00264108 /* SceneDelegate.swift */ = {isa = PBXFileReference; lastKnownFileType = sourcecode.swift; path = SceneDelegate.swift; sourceTree = "<group>"; };
		8F4DE2B92B37E9FC00264108 /* ViewController.swift */ = {isa = PBXFileReference; lastKnownFileType = sourcecode.swift; path = ViewController.swift; sourceTree = "<group>"; };
		8F4DE2BC2B37E9FC00264108 /* Base */ = {isa = PBXFileReference; lastKnownFileType = file.storyboard; name = Base; path = Base.lproj/Main.storyboard; sourceTree = "<group>"; };
		8F4DE2BE2B37E9FD00264108 /* Assets.xcassets */ = {isa = PBXFileReference; lastKnownFileType = folder.assetcatalog; path = Assets.xcassets; sourceTree = "<group>"; };
		8F4DE2C12B37E9FD00264108 /* Base */ = {isa = PBXFileReference; lastKnownFileType = file.storyboard; name = Base; path = Base.lproj/LaunchScreen.storyboard; sourceTree = "<group>"; };
		8F4DE2C32B37E9FD00264108 /* Info.plist */ = {isa = PBXFileReference; lastKnownFileType = text.plist.xml; path = Info.plist; sourceTree = "<group>"; };
		8F4DE2C82B37E9FD00264108 /* FilmTableViewTests.xctest */ = {isa = PBXFileReference; explicitFileType = wrapper.cfbundle; includeInIndex = 0; path = FilmTableViewTests.xctest; sourceTree = BUILT_PRODUCTS_DIR; };
		8F4DE2CC2B37E9FD00264108 /* FilmTableViewTests.swift */ = {isa = PBXFileReference; lastKnownFileType = sourcecode.swift; path = FilmTableViewTests.swift; sourceTree = "<group>"; };
		8F4DE2D22B37E9FD00264108 /* FilmTableViewUITests.xctest */ = {isa = PBXFileReference; explicitFileType = wrapper.cfbundle; includeInIndex = 0; path = FilmTableViewUITests.xctest; sourceTree = BUILT_PRODUCTS_DIR; };
		8F4DE2D62B37E9FD00264108 /* FilmTableViewUITests.swift */ = {isa = PBXFileReference; lastKnownFileType = sourcecode.swift; path = FilmTableViewUITests.swift; sourceTree = "<group>"; };
		8F4DE2D82B37E9FD00264108 /* FilmTableViewUITestsLaunchTests.swift */ = {isa = PBXFileReference; lastKnownFileType = sourcecode.swift; path = FilmTableViewUITestsLaunchTests.swift; sourceTree = "<group>"; };
		8F4DE2E52B37EA3600264108 /* TableViewController.swift */ = {isa = PBXFileReference; lastKnownFileType = sourcecode.swift; path = TableViewController.swift; sourceTree = "<group>"; };
		8F4DE2E72B3809FF00264108 /* Films.swift */ = {isa = PBXFileReference; lastKnownFileType = sourcecode.swift; path = Films.swift; sourceTree = "<group>"; };
/* End PBXFileReference section */

/* Begin PBXFrameworksBuildPhase section */
		8F4DE2AF2B37E9FC00264108 /* Frameworks */ = {
			isa = PBXFrameworksBuildPhase;
			buildActionMask = 2147483647;
			files = (
			);
			runOnlyForDeploymentPostprocessing = 0;
		};
		8F4DE2C52B37E9FD00264108 /* Frameworks */ = {
			isa = PBXFrameworksBuildPhase;
			buildActionMask = 2147483647;
			files = (
			);
			runOnlyForDeploymentPostprocessing = 0;
		};
		8F4DE2CF2B37E9FD00264108 /* Frameworks */ = {
			isa = PBXFrameworksBuildPhase;
			buildActionMask = 2147483647;
			files = (
			);
			runOnlyForDeploymentPostprocessing = 0;
		};
/* End PBXFrameworksBuildPhase section */

/* Begin PBXGroup section */
		8F4DE2A92B37E9FC00264108 = {
			isa = PBXGroup;
			children = (
				8F4DE2B42B37E9FC00264108 /* FilmTableView */,
				8F4DE2CB2B37E9FD00264108 /* FilmTableViewTests */,
				8F4DE2D52B37E9FD00264108 /* FilmTableViewUITests */,
				8F4DE2B32B37E9FC00264108 /* Products */,
			);
			sourceTree = "<group>";
		};
		8F4DE2B32B37E9FC00264108 /* Products */ = {
			isa = PBXGroup;
			children = (
				8F4DE2B22B37E9FC00264108 /* FilmTableView.app */,
				8F4DE2C82B37E9FD00264108 /* FilmTableViewTests.xctest */,
				8F4DE2D22B37E9FD00264108 /* FilmTableViewUITests.xctest */,
			);
			name = Products;
			sourceTree = "<group>";
		};
		8F4DE2B42B37E9FC00264108 /* FilmTableView */ = {
			isa = PBXGroup;
			children = (
				8F4DE2B52B37E9FC00264108 /* AppDelegate.swift */,
				8F4DE2B72B37E9FC00264108 /* SceneDelegate.swift */,
				8F4DE2B92B37E9FC00264108 /* ViewController.swift */,
				8F4DE2E52B37EA3600264108 /* TableViewController.swift */,
				8F4DE2E72B3809FF00264108 /* Films.swift */,
				8F4DE2BB2B37E9FC00264108 /* Main.storyboard */,
				8F4DE2BE2B37E9FD00264108 /* Assets.xcassets */,
				8F4DE2C02B37E9FD00264108 /* LaunchScreen.storyboard */,
				8F4DE2C32B37E9FD00264108 /* Info.plist */,
			);
			path = FilmTableView;
			sourceTree = "<group>";
		};
		8F4DE2CB2B37E9FD00264108 /* FilmTableViewTests */ = {
			isa = PBXGroup;
			children = (
				8F4DE2CC2B37E9FD00264108 /* FilmTableViewTests.swift */,
			);
			path = FilmTableViewTests;
			sourceTree = "<group>";
		};
		8F4DE2D52B37E9FD00264108 /* FilmTableViewUITests */ = {
			isa = PBXGroup;
			children = (
				8F4DE2D62B37E9FD00264108 /* FilmTableViewUITests.swift */,
				8F4DE2D82B37E9FD00264108 /* FilmTableViewUITestsLaunchTests.swift */,
			);
			path = FilmTableViewUITests;
			sourceTree = "<group>";
		};
/* End PBXGroup section */

/* Begin PBXNativeTarget section */
		8F4DE2B12B37E9FC00264108 /* FilmTableView */ = {
			isa = PBXNativeTarget;
			buildConfigurationList = 8F4DE2DC2B37E9FD00264108 /* Build configuration list for PBXNativeTarget "FilmTableView" */;
			buildPhases = (
				8F4DE2AE2B37E9FC00264108 /* Sources */,
				8F4DE2AF2B37E9FC00264108 /* Frameworks */,
				8F4DE2B02B37E9FC00264108 /* Resources */,
			);
			buildRules = (
			);
			dependencies = (
			);
			name = FilmTableView;
			productName = FilmTableView;
			productReference = 8F4DE2B22B37E9FC00264108 /* FilmTableView.app */;
			productType = "com.apple.product-type.application";
		};
		8F4DE2C72B37E9FD00264108 /* FilmTableViewTests */ = {
			isa = PBXNativeTarget;
			buildConfigurationList = 8F4DE2DF2B37E9FD00264108 /* Build configuration list for PBXNativeTarget "FilmTableViewTests" */;
			buildPhases = (
				8F4DE2C42B37E9FD00264108 /* Sources */,
				8F4DE2C52B37E9FD00264108 /* Frameworks */,
				8F4DE2C62B37E9FD00264108 /* Resources */,
			);
			buildRules = (
			);
			dependencies = (
				8F4DE2CA2B37E9FD00264108 /* PBXTargetDependency */,
			);
			name = FilmTableViewTests;
			productName = FilmTableViewTests;
			productReference = 8F4DE2C82B37E9FD00264108 /* FilmTableViewTests.xctest */;
			productType = "com.apple.product-type.bundle.unit-test";
		};
		8F4DE2D12B37E9FD00264108 /* FilmTableViewUITests */ = {
			isa = PBXNativeTarget;
			buildConfigurationList = 8F4DE2E22B37E9FD00264108 /* Build configuration list for PBXNativeTarget "FilmTableViewUITests" */;
			buildPhases = (
				8F4DE2CE2B37E9FD00264108 /* Sources */,
				8F4DE2CF2B37E9FD00264108 /* Frameworks */,
				8F4DE2D02B37E9FD00264108 /* Resources */,
			);
			buildRules = (
			);
			dependencies = (
				8F4DE2D42B37E9FD00264108 /* PBXTargetDependency */,
			);
			name = FilmTableViewUITests;
			productName = FilmTableViewUITests;
			productReference = 8F4DE2D22B37E9FD00264108 /* FilmTableViewUITests.xctest */;
			productType = "com.apple.product-type.bundle.ui-testing";
		};
/* End PBXNativeTarget section */

/* Begin PBXProject section */
		8F4DE2AA2B37E9FC00264108 /* Project object */ = {
			isa = PBXProject;
			attributes = {
				BuildIndependentTargetsInParallel = 1;
				LastSwiftUpdateCheck = 1430;
				LastUpgradeCheck = 1430;
				TargetAttributes = {
					8F4DE2B12B37E9FC00264108 = {
						CreatedOnToolsVersion = 14.3.1;
					};
					8F4DE2C72B37E9FD00264108 = {
						CreatedOnToolsVersion = 14.3.1;
						TestTargetID = 8F4DE2B12B37E9FC00264108;
					};
					8F4DE2D12B37E9FD00264108 = {
						CreatedOnToolsVersion = 14.3.1;
						TestTargetID = 8F4DE2B12B37E9FC00264108;
					};
				};
			};
			buildConfigurationList = 8F4DE2AD2B37E9FC00264108 /* Build configuration list for PBXProject "FilmTableView" */;
			compatibilityVersion = "Xcode 14.0";
			developmentRegion = en;
			hasScannedForEncodings = 0;
			knownRegions = (
				en,
				Base,
			);
			mainGroup = 8F4DE2A92B37E9FC00264108;
			productRefGroup = 8F4DE2B32B37E9FC00264108 /* Products */;
			projectDirPath = "";
			projectRoot = "";
			targets = (
				8F4DE2B12B37E9FC00264108 /* FilmTableView */,
				8F4DE2C72B37E9FD00264108 /* FilmTableViewTests */,
				8F4DE2D12B37E9FD00264108 /* FilmTableViewUITests */,
			);
		};
/* End PBXProject section */

/* Begin PBXResourcesBuildPhase section */
		8F4DE2B02B37E9FC00264108 /* Resources */ = {
			isa = PBXResourcesBuildPhase;
			buildActionMask = 2147483647;
			files = (
				8F4DE2C22B37E9FD00264108 /* LaunchScreen.storyboard in Resources */,
				8F4DE2BF2B37E9FD00264108 /* Assets.xcassets in Resources */,
				8F4DE2BD2B37E9FC00264108 /* Main.storyboard in Resources */,
			);
			runOnlyForDeploymentPostprocessing = 0;
		};
		8F4DE2C62B37E9FD00264108 /* Resources */ = {
			isa = PBXResourcesBuildPhase;
			buildActionMask = 2147483647;
			files = (
			);
			runOnlyForDeploymentPostprocessing = 0;
		};
		8F4DE2D02B37E9FD00264108 /* Resources */ = {
			isa = PBXResourcesBuildPhase;
			buildActionMask = 2147483647;
			files = (
			);
			runOnlyForDeploymentPostprocessing = 0;
		};
/* End PBXResourcesBuildPhase section */

/* Begin PBXSourcesBuildPhase section */
		8F4DE2AE2B37E9FC00264108 /* Sources */ = {
			isa = PBXSourcesBuildPhase;
			buildActionMask = 2147483647;
			files = (
				8F4DE2BA2B37E9FC00264108 /* ViewController.swift in Sources */,
				8F4DE2E82B3809FF00264108 /* Films.swift in Sources */,
				8F4DE2B62B37E9FC00264108 /* AppDelegate.swift in Sources */,
				8F4DE2B82B37E9FC00264108 /* SceneDelegate.swift in Sources */,
				8F4DE2E62B37EA3600264108 /* TableViewController.swift in Sources */,
			);
			runOnlyForDeploymentPostprocessing = 0;
		};
		8F4DE2C42B37E9FD00264108 /* Sources */ = {
			isa = PBXSourcesBuildPhase;
			buildActionMask = 2147483647;
			files = (
				8F4DE2CD2B37E9FD00264108 /* FilmTableViewTests.swift in Sources */,
			);
			runOnlyForDeploymentPostprocessing = 0;
		};
		8F4DE2CE2B37E9FD00264108 /* Sources */ = {
			isa = PBXSourcesBuildPhase;
			buildActionMask = 2147483647;
			files = (
				8F4DE2D92B37E9FD00264108 /* FilmTableViewUITestsLaunchTests.swift in Sources */,
				8F4DE2D72B37E9FD00264108 /* FilmTableViewUITests.swift in Sources */,
			);
			runOnlyForDeploymentPostprocessing = 0;
		};
/* End PBXSourcesBuildPhase section */

/* Begin PBXTargetDependency section */
		8F4DE2CA2B37E9FD00264108 /* PBXTargetDependency */ = {
			isa = PBXTargetDependency;
			target = 8F4DE2B12B37E9FC00264108 /* FilmTableView */;
			targetProxy = 8F4DE2C92B37E9FD00264108 /* PBXContainerItemProxy */;
		};
		8F4DE2D42B37E9FD00264108 /* PBXTargetDependency */ = {
			isa = PBXTargetDependency;
			target = 8F4DE2B12B37E9FC00264108 /* FilmTableView */;
			targetProxy = 8F4DE2D32B37E9FD00264108 /* PBXContainerItemProxy */;
		};
/* End PBXTargetDependency section */

/* Begin PBXVariantGroup section */
		8F4DE2BB2B37E9FC00264108 /* Main.storyboard */ = {
			isa = PBXVariantGroup;
			children = (
				8F4DE2BC2B37E9FC00264108 /* Base */,
			);
			name = Main.storyboard;
			sourceTree = "<group>";
		};
		8F4DE2C02B37E9FD00264108 /* LaunchScreen.storyboard */ = {
			isa = PBXVariantGroup;
			children = (
				8F4DE2C12B37E9FD00264108 /* Base */,
			);
			name = LaunchScreen.storyboard;
			sourceTree = "<group>";
		};
/* End PBXVariantGroup section */

/* Begin XCBuildConfiguration section */
		8F4DE2DA2B37E9FD00264108 /* Debug */ = {
			isa = XCBuildConfiguration;
			buildSettings = {
				ALWAYS_SEARCH_USER_PATHS = NO;
				CLANG_ANALYZER_NONNULL = YES;
				CLANG_ANALYZER_NUMBER_OBJECT_CONVERSION = YES_AGGRESSIVE;
				CLANG_CXX_LANGUAGE_STANDARD = "gnu++20";
				CLANG_ENABLE_MODULES = YES;
				CLANG_ENABLE_OBJC_ARC = YES;
				CLANG_ENABLE_OBJC_WEAK = YES;
				CLANG_WARN_BLOCK_CAPTURE_AUTORELEASING = YES;
				CLANG_WARN_BOOL_CONVERSION = YES;
				CLANG_WARN_COMMA = YES;
				CLANG_WARN_CONSTANT_CONVERSION = YES;
				CLANG_WARN_DEPRECATED_OBJC_IMPLEMENTATIONS = YES;
				CLANG_WARN_DIRECT_OBJC_ISA_USAGE = YES_ERROR;
				CLANG_WARN_DOCUMENTATION_COMMENTS = YES;
				CLANG_WARN_EMPTY_BODY = YES;
				CLANG_WARN_ENUM_CONVERSION = YES;
				CLANG_WARN_INFINITE_RECURSION = YES;
				CLANG_WARN_INT_CONVERSION = YES;
				CLANG_WARN_NON_LITERAL_NULL_CONVERSION = YES;
				CLANG_WARN_OBJC_IMPLICIT_RETAIN_SELF = YES;
				CLANG_WARN_OBJC_LITERAL_CONVERSION = YES;
				CLANG_WARN_OBJC_ROOT_CLASS = YES_ERROR;
				CLANG_WARN_QUOTED_INCLUDE_IN_FRAMEWORK_HEADER = YES;
				CLANG_WARN_RANGE_LOOP_ANALYSIS = YES;
				CLANG_WARN_STRICT_PROTOTYPES = YES;
				CLANG_WARN_SUSPICIOUS_MOVE = YES;
				CLANG_WARN_UNGUARDED_AVAILABILITY = YES_AGGRESSIVE;
				CLANG_WARN_UNREACHABLE_CODE = YES;
				CLANG_WARN__DUPLICATE_METHOD_MATCH = YES;
				COPY_PHASE_STRIP = NO;
				DEBUG_INFORMATION_FORMAT = dwarf;
				ENABLE_STRICT_OBJC_MSGSEND = YES;
				ENABLE_TESTABILITY = YES;
				GCC_C_LANGUAGE_STANDARD = gnu11;
				GCC_DYNAMIC_NO_PIC = NO;
				GCC_NO_COMMON_BLOCKS = YES;
				GCC_OPTIMIZATION_LEVEL = 0;
				GCC_PREPROCESSOR_DEFINITIONS = (
					"DEBUG=1",
					"$(inherited)",
				);
				GCC_WARN_64_TO_32_BIT_CONVERSION = YES;
				GCC_WARN_ABOUT_RETURN_TYPE = YES_ERROR;
				GCC_WARN_UNDECLARED_SELECTOR = YES;
				GCC_WARN_UNINITIALIZED_AUTOS = YES_AGGRESSIVE;
				GCC_WARN_UNUSED_FUNCTION = YES;
				GCC_WARN_UNUSED_VARIABLE = YES;
				IPHONEOS_DEPLOYMENT_TARGET = 16.4;
				MTL_ENABLE_DEBUG_INFO = INCLUDE_SOURCE;
				MTL_FAST_MATH = YES;
				ONLY_ACTIVE_ARCH = YES;
				SDKROOT = iphoneos;
				SWIFT_ACTIVE_COMPILATION_CONDITIONS = DEBUG;
				SWIFT_OPTIMIZATION_LEVEL = "-Onone";
			};
			name = Debug;
		};
		8F4DE2DB2B37E9FD00264108 /* Release */ = {
			isa = XCBuildConfiguration;
			buildSettings = {
				ALWAYS_SEARCH_USER_PATHS = NO;
				CLANG_ANALYZER_NONNULL = YES;
				CLANG_ANALYZER_NUMBER_OBJECT_CONVERSION = YES_AGGRESSIVE;
				CLANG_CXX_LANGUAGE_STANDARD = "gnu++20";
				CLANG_ENABLE_MODULES = YES;
				CLANG_ENABLE_OBJC_ARC = YES;
				CLANG_ENABLE_OBJC_WEAK = YES;
				CLANG_WARN_BLOCK_CAPTURE_AUTORELEASING = YES;
				CLANG_WARN_BOOL_CONVERSION = YES;
				CLANG_WARN_COMMA = YES;
				CLANG_WARN_CONSTANT_CONVERSION = YES;
				CLANG_WARN_DEPRECATED_OBJC_IMPLEMENTATIONS = YES;
				CLANG_WARN_DIRECT_OBJC_ISA_USAGE = YES_ERROR;
				CLANG_WARN_DOCUMENTATION_COMMENTS = YES;
				CLANG_WARN_EMPTY_BODY = YES;
				CLANG_WARN_ENUM_CONVERSION = YES;
				CLANG_WARN_INFINITE_RECURSION = YES;
				CLANG_WARN_INT_CONVERSION = YES;
				CLANG_WARN_NON_LITERAL_NULL_CONVERSION = YES;
				CLANG_WARN_OBJC_IMPLICIT_RETAIN_SELF = YES;
				CLANG_WARN_OBJC_LITERAL_CONVERSION = YES;
				CLANG_WARN_OBJC_ROOT_CLASS = YES_ERROR;
				CLANG_WARN_QUOTED_INCLUDE_IN_FRAMEWORK_HEADER = YES;
				CLANG_WARN_RANGE_LOOP_ANALYSIS = YES;
				CLANG_WARN_STRICT_PROTOTYPES = YES;
				CLANG_WARN_SUSPICIOUS_MOVE = YES;
				CLANG_WARN_UNGUARDED_AVAILABILITY = YES_AGGRESSIVE;
				CLANG_WARN_UNREACHABLE_CODE = YES;
				CLANG_WARN__DUPLICATE_METHOD_MATCH = YES;
				COPY_PHASE_STRIP = NO;
				DEBUG_INFORMATION_FORMAT = "dwarf-with-dsym";
				ENABLE_NS_ASSERTIONS = NO;
				ENABLE_STRICT_OBJC_MSGSEND = YES;
				GCC_C_LANGUAGE_STANDARD = gnu11;
				GCC_NO_COMMON_BLOCKS = YES;
				GCC_WARN_64_TO_32_BIT_CONVERSION = YES;
				GCC_WARN_ABOUT_RETURN_TYPE = YES_ERROR;
				GCC_WARN_UNDECLARED_SELECTOR = YES;
				GCC_WARN_UNINITIALIZED_AUTOS = YES_AGGRESSIVE;
				GCC_WARN_UNUSED_FUNCTION = YES;
				GCC_WARN_UNUSED_VARIABLE = YES;
				IPHONEOS_DEPLOYMENT_TARGET = 16.4;
				MTL_ENABLE_DEBUG_INFO = NO;
				MTL_FAST_MATH = YES;
				SDKROOT = iphoneos;
				SWIFT_COMPILATION_MODE = wholemodule;
				SWIFT_OPTIMIZATION_LEVEL = "-O";
				VALIDATE_PRODUCT = YES;
			};
			name = Release;
		};
		8F4DE2DD2B37E9FD00264108 /* Debug */ = {
			isa = XCBuildConfiguration;
			buildSettings = {
				ASSETCATALOG_COMPILER_APPICON_NAME = AppIcon;
				ASSETCATALOG_COMPILER_GLOBAL_ACCENT_COLOR_NAME = AccentColor;
				CODE_SIGN_STYLE = Automatic;
				CURRENT_PROJECT_VERSION = 1;
				GENERATE_INFOPLIST_FILE = YES;
				INFOPLIST_FILE = FilmTableView/Info.plist;
				INFOPLIST_KEY_UIApplicationSupportsIndirectInputEvents = YES;
				INFOPLIST_KEY_UILaunchStoryboardName = LaunchScreen;
				INFOPLIST_KEY_UIMainStoryboardFile = Main;
				INFOPLIST_KEY_UISupportedInterfaceOrientations_iPad = "UIInterfaceOrientationPortrait UIInterfaceOrientationPortraitUpsideDown UIInterfaceOrientationLandscapeLeft UIInterfaceOrientationLandscapeRight";
				INFOPLIST_KEY_UISupportedInterfaceOrientations_iPhone = "UIInterfaceOrientationPortrait UIInterfaceOrientationLandscapeLeft UIInterfaceOrientationLandscapeRight";
				LD_RUNPATH_SEARCH_PATHS = (
					"$(inherited)",
					"@executable_path/Frameworks",
				);
				MARKETING_VERSION = 1.0;
				PRODUCT_BUNDLE_IDENTIFIER = nursat.FilmTableView;
				PRODUCT_NAME = "$(TARGET_NAME)";
				SWIFT_EMIT_LOC_STRINGS = YES;
				SWIFT_VERSION = 5.0;
				TARGETED_DEVICE_FAMILY = "1,2";
			};
			name = Debug;
		};
		8F4DE2DE2B37E9FD00264108 /* Release */ = {
			isa = XCBuildConfiguration;
			buildSettings = {
				ASSETCATALOG_COMPILER_APPICON_NAME = AppIcon;
				ASSETCATALOG_COMPILER_GLOBAL_ACCENT_COLOR_NAME = AccentColor;
				CODE_SIGN_STYLE = Automatic;
				CURRENT_PROJECT_VERSION = 1;
				GENERATE_INFOPLIST_FILE = YES;
				INFOPLIST_FILE = FilmTableView/Info.plist;
				INFOPLIST_KEY_UIApplicationSupportsIndirectInputEvents = YES;
				INFOPLIST_KEY_UILaunchStoryboardName = LaunchScreen;
				INFOPLIST_KEY_UIMainStoryboardFile = Main;
				INFOPLIST_KEY_UISupportedInterfaceOrientations_iPad = "UIInterfaceOrientationPortrait UIInterfaceOrientationPortraitUpsideDown UIInterfaceOrientationLandscapeLeft UIInterfaceOrientationLandscapeRight";
				INFOPLIST_KEY_UISupportedInterfaceOrientations_iPhone = "UIInterfaceOrientationPortrait UIInterfaceOrientationLandscapeLeft UIInterfaceOrientationLandscapeRight";
				LD_RUNPATH_SEARCH_PATHS = (
					"$(inherited)",
					"@executable_path/Frameworks",
				);
				MARKETING_VERSION = 1.0;
				PRODUCT_BUNDLE_IDENTIFIER = nursat.FilmTableView;
				PRODUCT_NAME = "$(TARGET_NAME)";
				SWIFT_EMIT_LOC_STRINGS = YES;
				SWIFT_VERSION = 5.0;
				TARGETED_DEVICE_FAMILY = "1,2";
			};
			name = Release;
		};
		8F4DE2E02B37E9FD00264108 /* Debug */ = {
			isa = XCBuildConfiguration;
			buildSettings = {
				ALWAYS_EMBED_SWIFT_STANDARD_LIBRARIES = YES;
				BUNDLE_LOADER = "$(TEST_HOST)";
				CODE_SIGN_STYLE = Automatic;
				CURRENT_PROJECT_VERSION = 1;
				GENERATE_INFOPLIST_FILE = YES;
				IPHONEOS_DEPLOYMENT_TARGET = 16.4;
				MARKETING_VERSION = 1.0;
				PRODUCT_BUNDLE_IDENTIFIER = nursat.FilmTableViewTests;
				PRODUCT_NAME = "$(TARGET_NAME)";
				SWIFT_EMIT_LOC_STRINGS = NO;
				SWIFT_VERSION = 5.0;
				TARGETED_DEVICE_FAMILY = "1,2";
				TEST_HOST = "$(BUILT_PRODUCTS_DIR)/FilmTableView.app/$(BUNDLE_EXECUTABLE_FOLDER_PATH)/FilmTableView";
			};
			name = Debug;
		};
		8F4DE2E12B37E9FD00264108 /* Release */ = {
			isa = XCBuildConfiguration;
			buildSettings = {
				ALWAYS_EMBED_SWIFT_STANDARD_LIBRARIES = YES;
				BUNDLE_LOADER = "$(TEST_HOST)";
				CODE_SIGN_STYLE = Automatic;
				CURRENT_PROJECT_VERSION = 1;
				GENERATE_INFOPLIST_FILE = YES;
				IPHONEOS_DEPLOYMENT_TARGET = 16.4;
				MARKETING_VERSION = 1.0;
				PRODUCT_BUNDLE_IDENTIFIER = nursat.FilmTableViewTests;
				PRODUCT_NAME = "$(TARGET_NAME)";
				SWIFT_EMIT_LOC_STRINGS = NO;
				SWIFT_VERSION = 5.0;
				TARGETED_DEVICE_FAMILY = "1,2";
				TEST_HOST = "$(BUILT_PRODUCTS_DIR)/FilmTableView.app/$(BUNDLE_EXECUTABLE_FOLDER_PATH)/FilmTableView";
			};
			name = Release;
		};
		8F4DE2E32B37E9FD00264108 /* Debug */ = {
			isa = XCBuildConfiguration;
			buildSettings = {
				ALWAYS_EMBED_SWIFT_STANDARD_LIBRARIES = YES;
				CODE_SIGN_STYLE = Automatic;
				CURRENT_PROJECT_VERSION = 1;
				GENERATE_INFOPLIST_FILE = YES;
				MARKETING_VERSION = 1.0;
				PRODUCT_BUNDLE_IDENTIFIER = nursat.FilmTableViewUITests;
				PRODUCT_NAME = "$(TARGET_NAME)";
				SWIFT_EMIT_LOC_STRINGS = NO;
				SWIFT_VERSION = 5.0;
				TARGETED_DEVICE_FAMILY = "1,2";
				TEST_TARGET_NAME = FilmTableView;
			};
			name = Debug;
		};
		8F4DE2E42B37E9FD00264108 /* Release */ = {
			isa = XCBuildConfiguration;
			buildSettings = {
				ALWAYS_EMBED_SWIFT_STANDARD_LIBRARIES = YES;
				CODE_SIGN_STYLE = Automatic;
				CURRENT_PROJECT_VERSION = 1;
				GENERATE_INFOPLIST_FILE = YES;
				MARKETING_VERSION = 1.0;
				PRODUCT_BUNDLE_IDENTIFIER = nursat.FilmTableViewUITests;
				PRODUCT_NAME = "$(TARGET_NAME)";
				SWIFT_EMIT_LOC_STRINGS = NO;
				SWIFT_VERSION = 5.0;
				TARGETED_DEVICE_FAMILY = "1,2";
				TEST_TARGET_NAME = FilmTableView;
			};
			name = Release;
		};
/* End XCBuildConfiguration section */

/* Begin XCConfigurationList section */
		8F4DE2AD2B37E9FC00264108 /* Build configuration list for PBXProject "FilmTableView" */ = {
			isa = XCConfigurationList;
			buildConfigurations = (
				8F4DE2DA2B37E9FD00264108 /* Debug */,
				8F4DE2DB2B37E9FD00264108 /* Release */,
			);
			defaultConfigurationIsVisible = 0;
			defaultConfigurationName = Release;
		};
		8F4DE2DC2B37E9FD00264108 /* Build configuration list for PBXNativeTarget "FilmTableView" */ = {
			isa = XCConfigurationList;
			buildConfigurations = (
				8F4DE2DD2B37E9FD00264108 /* Debug */,
				8F4DE2DE2B37E9FD00264108 /* Release */,
			);
			defaultConfigurationIsVisible = 0;
			defaultConfigurationName = Release;
		};
		8F4DE2DF2B37E9FD00264108 /* Build configuration list for PBXNativeTarget "FilmTableViewTests" */ = {
			isa = XCConfigurationList;
			buildConfigurations = (
				8F4DE2E02B37E9FD00264108 /* Debug */,
				8F4DE2E12B37E9FD00264108 /* Release */,
			);
			defaultConfigurationIsVisible = 0;
			defaultConfigurationName = Release;
		};
		8F4DE2E22B37E9FD00264108 /* Build configuration list for PBXNativeTarget "FilmTableViewUITests" */ = {
			isa = XCConfigurationList;
			buildConfigurations = (
				8F4DE2E32B37E9FD00264108 /* Debug */,
				8F4DE2E42B37E9FD00264108 /* Release */,
			);
			defaultConfigurationIsVisible = 0;
			defaultConfigurationName = Release;
		};
/* End XCConfigurationList section */
	};
	rootObject = 8F4DE2AA2B37E9FC00264108 /* Project object */;
}
